
Microsoft Visual Studio Solution File, Format Version 12.00
# Visual Studio 15
VisualStudioVersion = 15.0.27428.2011
MinimumVisualStudioVersion = 10.0.40219.1
Project("{FAE04EC0-301F-11D3-BF4B-00C04F79EFBC}") = "TableUtil", "TableUtil\TableUtil.csproj", "{230BAE3B-B6E3-45B5-AE94-D7128FFAF1E6}"
EndProject
Global
	GlobalSection(SolutionConfigurationPlatforms) = preSolution
		Debug|Any CPU = Debug|Any CPU
		Release|Any CPU = Release|Any CPU
	EndGlobalSection
	GlobalSection(ProjectConfigurationPlatforms) = postSolution
		{230BAE3B-B6E3-45B5-AE94-D7128FFAF1E6}.Debug|Any CPU.ActiveCfg = Debug|Any CPU
		{230BAE3B-B6E3-45B5-AE94-D7128FFAF1E6}.Debug|Any CPU.Build.0 = Debug|Any CPU
		{230BAE3B-B6E3-45B5-AE94-D7128FFAF1E6}.Release|Any CPU.ActiveCfg = Release|Any CPU
		{230BAE3B-B6E3-45B5-AE94-D7128FFAF1E6}.Release|Any CPU.Build.0 = Release|Any CPU
	EndGlobalSection
	GlobalSection(SolutionProperties) = preSolution
		HideSolutionNode = FALSE
	EndGlobalSection
	GlobalSection(ExtensibilityGlobals) = postSolution
		SolutionGuid = {CF93CCA8-23A9-4918-8845-B869FFA4A340}
	EndGlobalSection
EndGlobal
