
Microsoft Visual Studio Solution File, Format Version 12.00
# Visual Studio 15
VisualStudioVersion = 15.0.27428.2011
MinimumVisualStudioVersion = 10.0.40219.1
Project("{FAE04EC0-301F-11D3-BF4B-00C04F79EFBC}") = "Excel", "Excel\Excel.csproj", "{4CB0690E-3E7A-497C-9116-D52024F63195}"
EndProject
Project("{2150E333-8FDC-42A3-9474-1A3956D46DE8}") = "Solution Items", "Solution Items", "{537D3BEA-4A18-4381-A955-DF762D21E100}"
EndProject
Project("{FAE04EC0-301F-11D3-BF4B-00C04F79EFBC}") = "TableGenerator", "TableGenerator\TableGenerator.csproj", "{D1F29ACC-35DA-48AE-A8C8-CA15FED14CF3}"
EndProject
Project("{FAE04EC0-301F-11D3-BF4B-00C04F79EFBC}") = "TableExec", "TableExec\TableExec.csproj", "{630D4F8E-1991-4797-9D6D-A3261BD02482}"
EndProject
Project("{FAE04EC0-301F-11D3-BF4B-00C04F79EFBC}") = "EPPlus", "EPPlus\EPPlus.csproj", "{BE4A6343-F411-44A3-8D6F-F40747ED7BA5}"
EndProject
Project("{FAE04EC0-301F-11D3-BF4B-00C04F79EFBC}") = "TableCore", "TableCore\TableCore.csproj", "{6E64CE44-7832-4697-84DB-321E3BE6B921}"
EndProject
Project("{8BC9CEB8-8B4A-11D0-8D11-00A0C91BC942}") = "Protector", "Protector\Protector.vcxproj", "{C691FEA1-B0D1-490C-848E-735A929622BD}"
EndProject
Global
	GlobalSection(SolutionConfigurationPlatforms) = preSolution
		Debug|Any CPU = Debug|Any CPU
		Debug|x64 = Debug|x64
		Debug|x86 = Debug|x86
		DevTest|Any CPU = DevTest|Any CPU
		DevTest|x64 = DevTest|x64
		DevTest|x86 = DevTest|x86
		MSTEST_DEBUG|Any CPU = MSTEST_DEBUG|Any CPU
		MSTEST_DEBUG|x64 = MSTEST_DEBUG|x64
		MSTEST_DEBUG|x86 = MSTEST_DEBUG|x86
		MSTEST_RELEASE|Any CPU = MSTEST_RELEASE|Any CPU
		MSTEST_RELEASE|x64 = MSTEST_RELEASE|x64
		MSTEST_RELEASE|x86 = MSTEST_RELEASE|x86
		NUNIT_DEBUG|Any CPU = NUNIT_DEBUG|Any CPU
		NUNIT_DEBUG|x64 = NUNIT_DEBUG|x64
		NUNIT_DEBUG|x86 = NUNIT_DEBUG|x86
		NUNIT_RELEASE|Any CPU = NUNIT_RELEASE|Any CPU
		NUNIT_RELEASE|x64 = NUNIT_RELEASE|x64
		NUNIT_RELEASE|x86 = NUNIT_RELEASE|x86
		Release|Any CPU = Release|Any CPU
		Release|x64 = Release|x64
		Release|x86 = Release|x86
	EndGlobalSection
	GlobalSection(ProjectConfigurationPlatforms) = postSolution
		{4CB0690E-3E7A-497C-9116-D52024F63195}.Debug|Any CPU.ActiveCfg = Debug|Any CPU
		{4CB0690E-3E7A-497C-9116-D52024F63195}.Debug|Any CPU.Build.0 = Debug|Any CPU
		{4CB0690E-3E7A-497C-9116-D52024F63195}.Debug|x64.ActiveCfg = Debug|Any CPU
		{4CB0690E-3E7A-497C-9116-D52024F63195}.Debug|x64.Build.0 = Debug|Any CPU
		{4CB0690E-3E7A-497C-9116-D52024F63195}.Debug|x86.ActiveCfg = Debug|Any CPU
		{4CB0690E-3E7A-497C-9116-D52024F63195}.Debug|x86.Build.0 = Debug|Any CPU
		{4CB0690E-3E7A-497C-9116-D52024F63195}.DevTest|Any CPU.ActiveCfg = Debug|Any CPU
		{4CB0690E-3E7A-497C-9116-D52024F63195}.DevTest|Any CPU.Build.0 = Debug|Any CPU
		{4CB0690E-3E7A-497C-9116-D52024F63195}.DevTest|x64.ActiveCfg = Debug|Any CPU
		{4CB0690E-3E7A-497C-9116-D52024F63195}.DevTest|x64.Build.0 = Debug|Any CPU
		{4CB0690E-3E7A-497C-9116-D52024F63195}.DevTest|x86.ActiveCfg = Debug|Any CPU
		{4CB0690E-3E7A-497C-9116-D52024F63195}.DevTest|x86.Build.0 = Debug|Any CPU
		{4CB0690E-3E7A-497C-9116-D52024F63195}.MSTEST_DEBUG|Any CPU.ActiveCfg = MSTEST_DEBUG|Any CPU
		{4CB0690E-3E7A-497C-9116-D52024F63195}.MSTEST_DEBUG|Any CPU.Build.0 = MSTEST_DEBUG|Any CPU
		{4CB0690E-3E7A-497C-9116-D52024F63195}.MSTEST_DEBUG|x64.ActiveCfg = MSTEST_DEBUG|Any CPU
		{4CB0690E-3E7A-497C-9116-D52024F63195}.MSTEST_DEBUG|x64.Build.0 = MSTEST_DEBUG|Any CPU
		{4CB0690E-3E7A-497C-9116-D52024F63195}.MSTEST_DEBUG|x86.ActiveCfg = MSTEST_DEBUG|Any CPU
		{4CB0690E-3E7A-497C-9116-D52024F63195}.MSTEST_DEBUG|x86.Build.0 = MSTEST_DEBUG|Any CPU
		{4CB0690E-3E7A-497C-9116-D52024F63195}.MSTEST_RELEASE|Any CPU.ActiveCfg = MSTEST_RELEASE|Any CPU
		{4CB0690E-3E7A-497C-9116-D52024F63195}.MSTEST_RELEASE|Any CPU.Build.0 = MSTEST_RELEASE|Any CPU
		{4CB0690E-3E7A-497C-9116-D52024F63195}.MSTEST_RELEASE|x64.ActiveCfg = MSTEST_RELEASE|Any CPU
		{4CB0690E-3E7A-497C-9116-D52024F63195}.MSTEST_RELEASE|x64.Build.0 = MSTEST_RELEASE|Any CPU
		{4CB0690E-3E7A-497C-9116-D52024F63195}.MSTEST_RELEASE|x86.ActiveCfg = MSTEST_RELEASE|Any CPU
		{4CB0690E-3E7A-497C-9116-D52024F63195}.MSTEST_RELEASE|x86.Build.0 = MSTEST_RELEASE|Any CPU
		{4CB0690E-3E7A-497C-9116-D52024F63195}.NUNIT_DEBUG|Any CPU.ActiveCfg = NUNIT_DEBUG|Any CPU
		{4CB0690E-3E7A-497C-9116-D52024F63195}.NUNIT_DEBUG|Any CPU.Build.0 = NUNIT_DEBUG|Any CPU
		{4CB0690E-3E7A-497C-9116-D52024F63195}.NUNIT_DEBUG|x64.ActiveCfg = NUNIT_DEBUG|Any CPU
		{4CB0690E-3E7A-497C-9116-D52024F63195}.NUNIT_DEBUG|x64.Build.0 = NUNIT_DEBUG|Any CPU
		{4CB0690E-3E7A-497C-9116-D52024F63195}.NUNIT_DEBUG|x86.ActiveCfg = NUNIT_DEBUG|Any CPU
		{4CB0690E-3E7A-497C-9116-D52024F63195}.NUNIT_DEBUG|x86.Build.0 = NUNIT_DEBUG|Any CPU
		{4CB0690E-3E7A-497C-9116-D52024F63195}.NUNIT_RELEASE|Any CPU.ActiveCfg = NUNIT_RELEASE|Any CPU
		{4CB0690E-3E7A-497C-9116-D52024F63195}.NUNIT_RELEASE|Any CPU.Build.0 = NUNIT_RELEASE|Any CPU
		{4CB0690E-3E7A-497C-9116-D52024F63195}.NUNIT_RELEASE|x64.ActiveCfg = NUNIT_RELEASE|Any CPU
		{4CB0690E-3E7A-497C-9116-D52024F63195}.NUNIT_RELEASE|x64.Build.0 = NUNIT_RELEASE|Any CPU
		{4CB0690E-3E7A-497C-9116-D52024F63195}.NUNIT_RELEASE|x86.ActiveCfg = NUNIT_RELEASE|Any CPU
		{4CB0690E-3E7A-497C-9116-D52024F63195}.NUNIT_RELEASE|x86.Build.0 = NUNIT_RELEASE|Any CPU
		{4CB0690E-3E7A-497C-9116-D52024F63195}.Release|Any CPU.ActiveCfg = Release|Any CPU
		{4CB0690E-3E7A-497C-9116-D52024F63195}.Release|Any CPU.Build.0 = Release|Any CPU
		{4CB0690E-3E7A-497C-9116-D52024F63195}.Release|x64.ActiveCfg = Release|Any CPU
		{4CB0690E-3E7A-497C-9116-D52024F63195}.Release|x64.Build.0 = Release|Any CPU
		{4CB0690E-3E7A-497C-9116-D52024F63195}.Release|x86.ActiveCfg = Release|Any CPU
		{4CB0690E-3E7A-497C-9116-D52024F63195}.Release|x86.Build.0 = Release|Any CPU
		{D1F29ACC-35DA-48AE-A8C8-CA15FED14CF3}.Debug|Any CPU.ActiveCfg = Debug|Any CPU
		{D1F29ACC-35DA-48AE-A8C8-CA15FED14CF3}.Debug|Any CPU.Build.0 = Debug|Any CPU
		{D1F29ACC-35DA-48AE-A8C8-CA15FED14CF3}.Debug|x64.ActiveCfg = Debug|Any CPU
		{D1F29ACC-35DA-48AE-A8C8-CA15FED14CF3}.Debug|x64.Build.0 = Debug|Any CPU
		{D1F29ACC-35DA-48AE-A8C8-CA15FED14CF3}.Debug|x86.ActiveCfg = Debug|Any CPU
		{D1F29ACC-35DA-48AE-A8C8-CA15FED14CF3}.Debug|x86.Build.0 = Debug|Any CPU
		{D1F29ACC-35DA-48AE-A8C8-CA15FED14CF3}.DevTest|Any CPU.ActiveCfg = Debug|Any CPU
		{D1F29ACC-35DA-48AE-A8C8-CA15FED14CF3}.DevTest|Any CPU.Build.0 = Debug|Any CPU
		{D1F29ACC-35DA-48AE-A8C8-CA15FED14CF3}.DevTest|x64.ActiveCfg = Debug|Any CPU
		{D1F29ACC-35DA-48AE-A8C8-CA15FED14CF3}.DevTest|x64.Build.0 = Debug|Any CPU
		{D1F29ACC-35DA-48AE-A8C8-CA15FED14CF3}.DevTest|x86.ActiveCfg = Debug|Any CPU
		{D1F29ACC-35DA-48AE-A8C8-CA15FED14CF3}.DevTest|x86.Build.0 = Debug|Any CPU
		{D1F29ACC-35DA-48AE-A8C8-CA15FED14CF3}.MSTEST_DEBUG|Any CPU.ActiveCfg = Release|Any CPU
		{D1F29ACC-35DA-48AE-A8C8-CA15FED14CF3}.MSTEST_DEBUG|Any CPU.Build.0 = Release|Any CPU
		{D1F29ACC-35DA-48AE-A8C8-CA15FED14CF3}.MSTEST_DEBUG|x64.ActiveCfg = Release|Any CPU
		{D1F29ACC-35DA-48AE-A8C8-CA15FED14CF3}.MSTEST_DEBUG|x64.Build.0 = Release|Any CPU
		{D1F29ACC-35DA-48AE-A8C8-CA15FED14CF3}.MSTEST_DEBUG|x86.ActiveCfg = Release|Any CPU
		{D1F29ACC-35DA-48AE-A8C8-CA15FED14CF3}.MSTEST_DEBUG|x86.Build.0 = Release|Any CPU
		{D1F29ACC-35DA-48AE-A8C8-CA15FED14CF3}.MSTEST_RELEASE|Any CPU.ActiveCfg = Release|Any CPU
		{D1F29ACC-35DA-48AE-A8C8-CA15FED14CF3}.MSTEST_RELEASE|Any CPU.Build.0 = Release|Any CPU
		{D1F29ACC-35DA-48AE-A8C8-CA15FED14CF3}.MSTEST_RELEASE|x64.ActiveCfg = Release|Any CPU
		{D1F29ACC-35DA-48AE-A8C8-CA15FED14CF3}.MSTEST_RELEASE|x64.Build.0 = Release|Any CPU
		{D1F29ACC-35DA-48AE-A8C8-CA15FED14CF3}.MSTEST_RELEASE|x86.ActiveCfg = Release|Any CPU
		{D1F29ACC-35DA-48AE-A8C8-CA15FED14CF3}.MSTEST_RELEASE|x86.Build.0 = Release|Any CPU
		{D1F29ACC-35DA-48AE-A8C8-CA15FED14CF3}.NUNIT_DEBUG|Any CPU.ActiveCfg = Release|Any CPU
		{D1F29ACC-35DA-48AE-A8C8-CA15FED14CF3}.NUNIT_DEBUG|Any CPU.Build.0 = Release|Any CPU
		{D1F29ACC-35DA-48AE-A8C8-CA15FED14CF3}.NUNIT_DEBUG|x64.ActiveCfg = Release|Any CPU
		{D1F29ACC-35DA-48AE-A8C8-CA15FED14CF3}.NUNIT_DEBUG|x64.Build.0 = Release|Any CPU
		{D1F29ACC-35DA-48AE-A8C8-CA15FED14CF3}.NUNIT_DEBUG|x86.ActiveCfg = Release|Any CPU
		{D1F29ACC-35DA-48AE-A8C8-CA15FED14CF3}.NUNIT_DEBUG|x86.Build.0 = Release|Any CPU
		{D1F29ACC-35DA-48AE-A8C8-CA15FED14CF3}.NUNIT_RELEASE|Any CPU.ActiveCfg = Release|Any CPU
		{D1F29ACC-35DA-48AE-A8C8-CA15FED14CF3}.NUNIT_RELEASE|Any CPU.Build.0 = Release|Any CPU
		{D1F29ACC-35DA-48AE-A8C8-CA15FED14CF3}.NUNIT_RELEASE|x64.ActiveCfg = Release|Any CPU
		{D1F29ACC-35DA-48AE-A8C8-CA15FED14CF3}.NUNIT_RELEASE|x64.Build.0 = Release|Any CPU
		{D1F29ACC-35DA-48AE-A8C8-CA15FED14CF3}.NUNIT_RELEASE|x86.ActiveCfg = Release|Any CPU
		{D1F29ACC-35DA-48AE-A8C8-CA15FED14CF3}.NUNIT_RELEASE|x86.Build.0 = Release|Any CPU
		{D1F29ACC-35DA-48AE-A8C8-CA15FED14CF3}.Release|Any CPU.ActiveCfg = Release|Any CPU
		{D1F29ACC-35DA-48AE-A8C8-CA15FED14CF3}.Release|Any CPU.Build.0 = Release|Any CPU
		{D1F29ACC-35DA-48AE-A8C8-CA15FED14CF3}.Release|x64.ActiveCfg = Release|Any CPU
		{D1F29ACC-35DA-48AE-A8C8-CA15FED14CF3}.Release|x64.Build.0 = Release|Any CPU
		{D1F29ACC-35DA-48AE-A8C8-CA15FED14CF3}.Release|x86.ActiveCfg = Release|Any CPU
		{D1F29ACC-35DA-48AE-A8C8-CA15FED14CF3}.Release|x86.Build.0 = Release|Any CPU
		{630D4F8E-1991-4797-9D6D-A3261BD02482}.Debug|Any CPU.ActiveCfg = Debug|Any CPU
		{630D4F8E-1991-4797-9D6D-A3261BD02482}.Debug|Any CPU.Build.0 = Debug|Any CPU
		{630D4F8E-1991-4797-9D6D-A3261BD02482}.Debug|x64.ActiveCfg = Debug|Any CPU
		{630D4F8E-1991-4797-9D6D-A3261BD02482}.Debug|x64.Build.0 = Debug|Any CPU
		{630D4F8E-1991-4797-9D6D-A3261BD02482}.Debug|x86.ActiveCfg = Debug|Any CPU
		{630D4F8E-1991-4797-9D6D-A3261BD02482}.Debug|x86.Build.0 = Debug|Any CPU
		{630D4F8E-1991-4797-9D6D-A3261BD02482}.DevTest|Any CPU.ActiveCfg = Debug|Any CPU
		{630D4F8E-1991-4797-9D6D-A3261BD02482}.DevTest|Any CPU.Build.0 = Debug|Any CPU
		{630D4F8E-1991-4797-9D6D-A3261BD02482}.DevTest|x64.ActiveCfg = Debug|Any CPU
		{630D4F8E-1991-4797-9D6D-A3261BD02482}.DevTest|x64.Build.0 = Debug|Any CPU
		{630D4F8E-1991-4797-9D6D-A3261BD02482}.DevTest|x86.ActiveCfg = Debug|Any CPU
		{630D4F8E-1991-4797-9D6D-A3261BD02482}.DevTest|x86.Build.0 = Debug|Any CPU
		{630D4F8E-1991-4797-9D6D-A3261BD02482}.MSTEST_DEBUG|Any CPU.ActiveCfg = Release|Any CPU
		{630D4F8E-1991-4797-9D6D-A3261BD02482}.MSTEST_DEBUG|Any CPU.Build.0 = Release|Any CPU
		{630D4F8E-1991-4797-9D6D-A3261BD02482}.MSTEST_DEBUG|x64.ActiveCfg = Release|Any CPU
		{630D4F8E-1991-4797-9D6D-A3261BD02482}.MSTEST_DEBUG|x64.Build.0 = Release|Any CPU
		{630D4F8E-1991-4797-9D6D-A3261BD02482}.MSTEST_DEBUG|x86.ActiveCfg = Release|Any CPU
		{630D4F8E-1991-4797-9D6D-A3261BD02482}.MSTEST_DEBUG|x86.Build.0 = Release|Any CPU
		{630D4F8E-1991-4797-9D6D-A3261BD02482}.MSTEST_RELEASE|Any CPU.ActiveCfg = Release|Any CPU
		{630D4F8E-1991-4797-9D6D-A3261BD02482}.MSTEST_RELEASE|Any CPU.Build.0 = Release|Any CPU
		{630D4F8E-1991-4797-9D6D-A3261BD02482}.MSTEST_RELEASE|x64.ActiveCfg = Release|Any CPU
		{630D4F8E-1991-4797-9D6D-A3261BD02482}.MSTEST_RELEASE|x64.Build.0 = Release|Any CPU
		{630D4F8E-1991-4797-9D6D-A3261BD02482}.MSTEST_RELEASE|x86.ActiveCfg = Release|Any CPU
		{630D4F8E-1991-4797-9D6D-A3261BD02482}.MSTEST_RELEASE|x86.Build.0 = Release|Any CPU
		{630D4F8E-1991-4797-9D6D-A3261BD02482}.NUNIT_DEBUG|Any CPU.ActiveCfg = Release|Any CPU
		{630D4F8E-1991-4797-9D6D-A3261BD02482}.NUNIT_DEBUG|Any CPU.Build.0 = Release|Any CPU
		{630D4F8E-1991-4797-9D6D-A3261BD02482}.NUNIT_DEBUG|x64.ActiveCfg = Release|Any CPU
		{630D4F8E-1991-4797-9D6D-A3261BD02482}.NUNIT_DEBUG|x64.Build.0 = Release|Any CPU
		{630D4F8E-1991-4797-9D6D-A3261BD02482}.NUNIT_DEBUG|x86.ActiveCfg = Release|Any CPU
		{630D4F8E-1991-4797-9D6D-A3261BD02482}.NUNIT_DEBUG|x86.Build.0 = Release|Any CPU
		{630D4F8E-1991-4797-9D6D-A3261BD02482}.NUNIT_RELEASE|Any CPU.ActiveCfg = Release|Any CPU
		{630D4F8E-1991-4797-9D6D-A3261BD02482}.NUNIT_RELEASE|Any CPU.Build.0 = Release|Any CPU
		{630D4F8E-1991-4797-9D6D-A3261BD02482}.NUNIT_RELEASE|x64.ActiveCfg = Release|Any CPU
		{630D4F8E-1991-4797-9D6D-A3261BD02482}.NUNIT_RELEASE|x64.Build.0 = Release|Any CPU
		{630D4F8E-1991-4797-9D6D-A3261BD02482}.NUNIT_RELEASE|x86.ActiveCfg = Release|Any CPU
		{630D4F8E-1991-4797-9D6D-A3261BD02482}.NUNIT_RELEASE|x86.Build.0 = Release|Any CPU
		{630D4F8E-1991-4797-9D6D-A3261BD02482}.Release|Any CPU.ActiveCfg = Release|Any CPU
		{630D4F8E-1991-4797-9D6D-A3261BD02482}.Release|Any CPU.Build.0 = Release|Any CPU
		{630D4F8E-1991-4797-9D6D-A3261BD02482}.Release|x64.ActiveCfg = Release|Any CPU
		{630D4F8E-1991-4797-9D6D-A3261BD02482}.Release|x64.Build.0 = Release|Any CPU
		{630D4F8E-1991-4797-9D6D-A3261BD02482}.Release|x86.ActiveCfg = Release|Any CPU
		{630D4F8E-1991-4797-9D6D-A3261BD02482}.Release|x86.Build.0 = Release|Any CPU
		{BE4A6343-F411-44A3-8D6F-F40747ED7BA5}.Debug|Any CPU.ActiveCfg = Debug|Any CPU
		{BE4A6343-F411-44A3-8D6F-F40747ED7BA5}.Debug|Any CPU.Build.0 = Debug|Any CPU
		{BE4A6343-F411-44A3-8D6F-F40747ED7BA5}.Debug|x64.ActiveCfg = Debug|Any CPU
		{BE4A6343-F411-44A3-8D6F-F40747ED7BA5}.Debug|x64.Build.0 = Debug|Any CPU
		{BE4A6343-F411-44A3-8D6F-F40747ED7BA5}.Debug|x86.ActiveCfg = Debug|Any CPU
		{BE4A6343-F411-44A3-8D6F-F40747ED7BA5}.Debug|x86.Build.0 = Debug|Any CPU
		{BE4A6343-F411-44A3-8D6F-F40747ED7BA5}.DevTest|Any CPU.ActiveCfg = DevTest|Any CPU
		{BE4A6343-F411-44A3-8D6F-F40747ED7BA5}.DevTest|Any CPU.Build.0 = DevTest|Any CPU
		{BE4A6343-F411-44A3-8D6F-F40747ED7BA5}.DevTest|x64.ActiveCfg = DevTest|Any CPU
		{BE4A6343-F411-44A3-8D6F-F40747ED7BA5}.DevTest|x64.Build.0 = DevTest|Any CPU
		{BE4A6343-F411-44A3-8D6F-F40747ED7BA5}.DevTest|x86.ActiveCfg = DevTest|Any CPU
		{BE4A6343-F411-44A3-8D6F-F40747ED7BA5}.DevTest|x86.Build.0 = DevTest|Any CPU
		{BE4A6343-F411-44A3-8D6F-F40747ED7BA5}.MSTEST_DEBUG|Any CPU.ActiveCfg = DevTest|Any CPU
		{BE4A6343-F411-44A3-8D6F-F40747ED7BA5}.MSTEST_DEBUG|Any CPU.Build.0 = DevTest|Any CPU
		{BE4A6343-F411-44A3-8D6F-F40747ED7BA5}.MSTEST_DEBUG|x64.ActiveCfg = Release|Any CPU
		{BE4A6343-F411-44A3-8D6F-F40747ED7BA5}.MSTEST_DEBUG|x64.Build.0 = Release|Any CPU
		{BE4A6343-F411-44A3-8D6F-F40747ED7BA5}.MSTEST_DEBUG|x86.ActiveCfg = Release|Any CPU
		{BE4A6343-F411-44A3-8D6F-F40747ED7BA5}.MSTEST_DEBUG|x86.Build.0 = Release|Any CPU
		{BE4A6343-F411-44A3-8D6F-F40747ED7BA5}.MSTEST_RELEASE|Any CPU.ActiveCfg = DevTest|Any CPU
		{BE4A6343-F411-44A3-8D6F-F40747ED7BA5}.MSTEST_RELEASE|Any CPU.Build.0 = DevTest|Any CPU
		{BE4A6343-F411-44A3-8D6F-F40747ED7BA5}.MSTEST_RELEASE|x64.ActiveCfg = Release|Any CPU
		{BE4A6343-F411-44A3-8D6F-F40747ED7BA5}.MSTEST_RELEASE|x64.Build.0 = Release|Any CPU
		{BE4A6343-F411-44A3-8D6F-F40747ED7BA5}.MSTEST_RELEASE|x86.ActiveCfg = Release|Any CPU
		{BE4A6343-F411-44A3-8D6F-F40747ED7BA5}.MSTEST_RELEASE|x86.Build.0 = Release|Any CPU
		{BE4A6343-F411-44A3-8D6F-F40747ED7BA5}.NUNIT_DEBUG|Any CPU.ActiveCfg = DevTest|Any CPU
		{BE4A6343-F411-44A3-8D6F-F40747ED7BA5}.NUNIT_DEBUG|Any CPU.Build.0 = DevTest|Any CPU
		{BE4A6343-F411-44A3-8D6F-F40747ED7BA5}.NUNIT_DEBUG|x64.ActiveCfg = Release|Any CPU
		{BE4A6343-F411-44A3-8D6F-F40747ED7BA5}.NUNIT_DEBUG|x64.Build.0 = Release|Any CPU
		{BE4A6343-F411-44A3-8D6F-F40747ED7BA5}.NUNIT_DEBUG|x86.ActiveCfg = Release|Any CPU
		{BE4A6343-F411-44A3-8D6F-F40747ED7BA5}.NUNIT_DEBUG|x86.Build.0 = Release|Any CPU
		{BE4A6343-F411-44A3-8D6F-F40747ED7BA5}.NUNIT_RELEASE|Any CPU.ActiveCfg = DevTest|Any CPU
		{BE4A6343-F411-44A3-8D6F-F40747ED7BA5}.NUNIT_RELEASE|Any CPU.Build.0 = DevTest|Any CPU
		{BE4A6343-F411-44A3-8D6F-F40747ED7BA5}.NUNIT_RELEASE|x64.ActiveCfg = Release|Any CPU
		{BE4A6343-F411-44A3-8D6F-F40747ED7BA5}.NUNIT_RELEASE|x64.Build.0 = Release|Any CPU
		{BE4A6343-F411-44A3-8D6F-F40747ED7BA5}.NUNIT_RELEASE|x86.ActiveCfg = Release|Any CPU
		{BE4A6343-F411-44A3-8D6F-F40747ED7BA5}.NUNIT_RELEASE|x86.Build.0 = Release|Any CPU
		{BE4A6343-F411-44A3-8D6F-F40747ED7BA5}.Release|Any CPU.ActiveCfg = Release|Any CPU
		{BE4A6343-F411-44A3-8D6F-F40747ED7BA5}.Release|Any CPU.Build.0 = Release|Any CPU
		{BE4A6343-F411-44A3-8D6F-F40747ED7BA5}.Release|x64.ActiveCfg = Release|Any CPU
		{BE4A6343-F411-44A3-8D6F-F40747ED7BA5}.Release|x64.Build.0 = Release|Any CPU
		{BE4A6343-F411-44A3-8D6F-F40747ED7BA5}.Release|x86.ActiveCfg = Release|Any CPU
		{BE4A6343-F411-44A3-8D6F-F40747ED7BA5}.Release|x86.Build.0 = Release|Any CPU
		{6E64CE44-7832-4697-84DB-321E3BE6B921}.Debug|Any CPU.ActiveCfg = Debug|Any CPU
		{6E64CE44-7832-4697-84DB-321E3BE6B921}.Debug|Any CPU.Build.0 = Debug|Any CPU
		{6E64CE44-7832-4697-84DB-321E3BE6B921}.Debug|x64.ActiveCfg = Debug|Any CPU
		{6E64CE44-7832-4697-84DB-321E3BE6B921}.Debug|x64.Build.0 = Debug|Any CPU
		{6E64CE44-7832-4697-84DB-321E3BE6B921}.Debug|x86.ActiveCfg = Debug|Any CPU
		{6E64CE44-7832-4697-84DB-321E3BE6B921}.Debug|x86.Build.0 = Debug|Any CPU
		{6E64CE44-7832-4697-84DB-321E3BE6B921}.DevTest|Any CPU.ActiveCfg = Debug|Any CPU
		{6E64CE44-7832-4697-84DB-321E3BE6B921}.DevTest|Any CPU.Build.0 = Debug|Any CPU
		{6E64CE44-7832-4697-84DB-321E3BE6B921}.DevTest|x64.ActiveCfg = Debug|Any CPU
		{6E64CE44-7832-4697-84DB-321E3BE6B921}.DevTest|x64.Build.0 = Debug|Any CPU
		{6E64CE44-7832-4697-84DB-321E3BE6B921}.DevTest|x86.ActiveCfg = Debug|Any CPU
		{6E64CE44-7832-4697-84DB-321E3BE6B921}.DevTest|x86.Build.0 = Debug|Any CPU
		{6E64CE44-7832-4697-84DB-321E3BE6B921}.MSTEST_DEBUG|Any CPU.ActiveCfg = Release|Any CPU
		{6E64CE44-7832-4697-84DB-321E3BE6B921}.MSTEST_DEBUG|Any CPU.Build.0 = Release|Any CPU
		{6E64CE44-7832-4697-84DB-321E3BE6B921}.MSTEST_DEBUG|x64.ActiveCfg = Release|Any CPU
		{6E64CE44-7832-4697-84DB-321E3BE6B921}.MSTEST_DEBUG|x64.Build.0 = Release|Any CPU
		{6E64CE44-7832-4697-84DB-321E3BE6B921}.MSTEST_DEBUG|x86.ActiveCfg = Release|Any CPU
		{6E64CE44-7832-4697-84DB-321E3BE6B921}.MSTEST_DEBUG|x86.Build.0 = Release|Any CPU
		{6E64CE44-7832-4697-84DB-321E3BE6B921}.MSTEST_RELEASE|Any CPU.ActiveCfg = Release|Any CPU
		{6E64CE44-7832-4697-84DB-321E3BE6B921}.MSTEST_RELEASE|Any CPU.Build.0 = Release|Any CPU
		{6E64CE44-7832-4697-84DB-321E3BE6B921}.MSTEST_RELEASE|x64.ActiveCfg = Release|Any CPU
		{6E64CE44-7832-4697-84DB-321E3BE6B921}.MSTEST_RELEASE|x64.Build.0 = Release|Any CPU
		{6E64CE44-7832-4697-84DB-321E3BE6B921}.MSTEST_RELEASE|x86.ActiveCfg = Release|Any CPU
		{6E64CE44-7832-4697-84DB-321E3BE6B921}.MSTEST_RELEASE|x86.Build.0 = Release|Any CPU
		{6E64CE44-7832-4697-84DB-321E3BE6B921}.NUNIT_DEBUG|Any CPU.ActiveCfg = Release|Any CPU
		{6E64CE44-7832-4697-84DB-321E3BE6B921}.NUNIT_DEBUG|Any CPU.Build.0 = Release|Any CPU
		{6E64CE44-7832-4697-84DB-321E3BE6B921}.NUNIT_DEBUG|x64.ActiveCfg = Release|Any CPU
		{6E64CE44-7832-4697-84DB-321E3BE6B921}.NUNIT_DEBUG|x64.Build.0 = Release|Any CPU
		{6E64CE44-7832-4697-84DB-321E3BE6B921}.NUNIT_DEBUG|x86.ActiveCfg = Release|Any CPU
		{6E64CE44-7832-4697-84DB-321E3BE6B921}.NUNIT_DEBUG|x86.Build.0 = Release|Any CPU
		{6E64CE44-7832-4697-84DB-321E3BE6B921}.NUNIT_RELEASE|Any CPU.ActiveCfg = Release|Any CPU
		{6E64CE44-7832-4697-84DB-321E3BE6B921}.NUNIT_RELEASE|Any CPU.Build.0 = Release|Any CPU
		{6E64CE44-7832-4697-84DB-321E3BE6B921}.NUNIT_RELEASE|x64.ActiveCfg = Release|Any CPU
		{6E64CE44-7832-4697-84DB-321E3BE6B921}.NUNIT_RELEASE|x64.Build.0 = Release|Any CPU
		{6E64CE44-7832-4697-84DB-321E3BE6B921}.NUNIT_RELEASE|x86.ActiveCfg = Release|Any CPU
		{6E64CE44-7832-4697-84DB-321E3BE6B921}.NUNIT_RELEASE|x86.Build.0 = Release|Any CPU
		{6E64CE44-7832-4697-84DB-321E3BE6B921}.Release|Any CPU.ActiveCfg = Release|Any CPU
		{6E64CE44-7832-4697-84DB-321E3BE6B921}.Release|Any CPU.Build.0 = Release|Any CPU
		{6E64CE44-7832-4697-84DB-321E3BE6B921}.Release|x64.ActiveCfg = Release|Any CPU
		{6E64CE44-7832-4697-84DB-321E3BE6B921}.Release|x64.Build.0 = Release|Any CPU
		{6E64CE44-7832-4697-84DB-321E3BE6B921}.Release|x86.ActiveCfg = Release|Any CPU
		{6E64CE44-7832-4697-84DB-321E3BE6B921}.Release|x86.Build.0 = Release|Any CPU
		{C691FEA1-B0D1-490C-848E-735A929622BD}.Debug|Any CPU.ActiveCfg = Debug|Win32
		{C691FEA1-B0D1-490C-848E-735A929622BD}.Debug|x64.ActiveCfg = Debug|x64
		{C691FEA1-B0D1-490C-848E-735A929622BD}.Debug|x64.Build.0 = Debug|x64
		{C691FEA1-B0D1-490C-848E-735A929622BD}.Debug|x86.ActiveCfg = Debug|Win32
		{C691FEA1-B0D1-490C-848E-735A929622BD}.Debug|x86.Build.0 = Debug|Win32
		{C691FEA1-B0D1-490C-848E-735A929622BD}.DevTest|Any CPU.ActiveCfg = Release|x64
		{C691FEA1-B0D1-490C-848E-735A929622BD}.DevTest|Any CPU.Build.0 = Release|x64
		{C691FEA1-B0D1-490C-848E-735A929622BD}.DevTest|x64.ActiveCfg = Debug|x64
		{C691FEA1-B0D1-490C-848E-735A929622BD}.DevTest|x64.Build.0 = Debug|x64
		{C691FEA1-B0D1-490C-848E-735A929622BD}.DevTest|x86.ActiveCfg = Debug|Win32
		{C691FEA1-B0D1-490C-848E-735A929622BD}.DevTest|x86.Build.0 = Debug|Win32
		{C691FEA1-B0D1-490C-848E-735A929622BD}.MSTEST_DEBUG|Any CPU.ActiveCfg = Release|x64
		{C691FEA1-B0D1-490C-848E-735A929622BD}.MSTEST_DEBUG|Any CPU.Build.0 = Release|x64
		{C691FEA1-B0D1-490C-848E-735A929622BD}.MSTEST_DEBUG|x64.ActiveCfg = Release|x64
		{C691FEA1-B0D1-490C-848E-735A929622BD}.MSTEST_DEBUG|x64.Build.0 = Release|x64
		{C691FEA1-B0D1-490C-848E-735A929622BD}.MSTEST_DEBUG|x86.ActiveCfg = Release|Win32
		{C691FEA1-B0D1-490C-848E-735A929622BD}.MSTEST_DEBUG|x86.Build.0 = Release|Win32
		{C691FEA1-B0D1-490C-848E-735A929622BD}.MSTEST_RELEASE|Any CPU.ActiveCfg = Release|x64
		{C691FEA1-B0D1-490C-848E-735A929622BD}.MSTEST_RELEASE|Any CPU.Build.0 = Release|x64
		{C691FEA1-B0D1-490C-848E-735A929622BD}.MSTEST_RELEASE|x64.ActiveCfg = Release|x64
		{C691FEA1-B0D1-490C-848E-735A929622BD}.MSTEST_RELEASE|x64.Build.0 = Release|x64
		{C691FEA1-B0D1-490C-848E-735A929622BD}.MSTEST_RELEASE|x86.ActiveCfg = Release|Win32
		{C691FEA1-B0D1-490C-848E-735A929622BD}.MSTEST_RELEASE|x86.Build.0 = Release|Win32
		{C691FEA1-B0D1-490C-848E-735A929622BD}.NUNIT_DEBUG|Any CPU.ActiveCfg = Release|x64
		{C691FEA1-B0D1-490C-848E-735A929622BD}.NUNIT_DEBUG|Any CPU.Build.0 = Release|x64
		{C691FEA1-B0D1-490C-848E-735A929622BD}.NUNIT_DEBUG|x64.ActiveCfg = Release|x64
		{C691FEA1-B0D1-490C-848E-735A929622BD}.NUNIT_DEBUG|x64.Build.0 = Release|x64
		{C691FEA1-B0D1-490C-848E-735A929622BD}.NUNIT_DEBUG|x86.ActiveCfg = Release|Win32
		{C691FEA1-B0D1-490C-848E-735A929622BD}.NUNIT_DEBUG|x86.Build.0 = Release|Win32
		{C691FEA1-B0D1-490C-848E-735A929622BD}.NUNIT_RELEASE|Any CPU.ActiveCfg = Release|x64
		{C691FEA1-B0D1-490C-848E-735A929622BD}.NUNIT_RELEASE|Any CPU.Build.0 = Release|x64
		{C691FEA1-B0D1-490C-848E-735A929622BD}.NUNIT_RELEASE|x64.ActiveCfg = Release|x64
		{C691FEA1-B0D1-490C-848E-735A929622BD}.NUNIT_RELEASE|x64.Build.0 = Release|x64
		{C691FEA1-B0D1-490C-848E-735A929622BD}.NUNIT_RELEASE|x86.ActiveCfg = Release|Win32
		{C691FEA1-B0D1-490C-848E-735A929622BD}.NUNIT_RELEASE|x86.Build.0 = Release|Win32
		{C691FEA1-B0D1-490C-848E-735A929622BD}.Release|Any CPU.ActiveCfg = Release|Win32
		{C691FEA1-B0D1-490C-848E-735A929622BD}.Release|x64.ActiveCfg = Release|x64
		{C691FEA1-B0D1-490C-848E-735A929622BD}.Release|x64.Build.0 = Release|x64
		{C691FEA1-B0D1-490C-848E-735A929622BD}.Release|x86.ActiveCfg = Release|Win32
		{C691FEA1-B0D1-490C-848E-735A929622BD}.Release|x86.Build.0 = Release|Win32
	EndGlobalSection
	GlobalSection(SolutionProperties) = preSolution
		HideSolutionNode = FALSE
	EndGlobalSection
	GlobalSection(ExtensibilityGlobals) = postSolution
		SolutionGuid = {703801FC-9876-46EC-966C-1E0067DE6E50}
	EndGlobalSection
EndGlobal
